<?xml version="1.0" encoding="UTF-8" standalone="yes" ?>
<CodeBlocks_project_file>
	<FileVersion major="1" minor="6" />
	<Project>
		<Option title="wstock" />
		<Option pch_mode="0" />
		<Option compiler="gcc" />
		<Build>
			<Target title="Debug">
				<Option output="bin/Debug/wstock" prefix_auto="1" extension_auto="1" />
				<Option object_output="obj/Debug/" />
				<Option type="0" />
				<Option compiler="gcc" />
				<Compiler>
					<Add option="-Wall" />
					<Add option="-g" />
				</Compiler>
			</Target>
			<Target title="Release">
				<Option output="bin/Release/wstock" prefix_auto="1" extension_auto="1" />
				<Option object_output="obj/Release/" />
				<Option type="0" />
				<Option compiler="gcc" />
				<Compiler>
					<Add option="-O2" />
				</Compiler>
				<Linker>
					<Add option="-s" />
				</Linker>
			</Target>
		</Build>
		<Compiler>
			<Add option="-Wall" />
			<Add option="`wx-config --cflags` `xml2-config --cflags`" />
			<Add option="-include wx_pch.h" />
			<Add option="-DUSE_PCH" />
		</Compiler>
		<Linker>
			<Add option="`wx-config --libs`" />
			<Add option="`curl-config --libs`" />
			<Add option="`xml2-config --libs`" />
		</Linker>
		<Unit filename="MyStockDialog.cpp" />
		<Unit filename="MyStockDialog.h" />
		<Unit filename="StockHistoryDialog.cpp" />
		<Unit filename="StockHistoryDialog.h" />
		<Unit filename="app.cpp" />
		<Unit filename="app.h" />
		<Unit filename="gspreadsheet.cpp" />
		<Unit filename="gspreadsheet.h" />
		<Unit filename="htmltableparser.cpp" />
		<Unit filename="htmltableparser.h" />
		<Unit filename="main.cpp" />
		<Unit filename="main.h" />
		<Unit filename="mystockdetail.cpp" />
		<Unit filename="mystockdetail.h" />
		<Unit filename="sinastock.cpp" />
		<Unit filename="sinastock.h" />
		<Unit filename="stockplot.cpp" />
		<Unit filename="stockplot.h" />
		<Unit filename="stocks.cpp" />
		<Unit filename="stocks.h" />
		<Unit filename="wstockconfig.h" />
		<Unit filename="wstockconst.h" />
		<Unit filename="wstockcustomdialog.cpp" />
		<Unit filename="wstockcustomdialog.h" />
		<Unit filename="wstockgeturl.cpp" />
		<Unit filename="wstockgeturl.h" />
		<Unit filename="wx/plot/plot.h" />
		<Unit filename="wx_pch.h">
			<Option compile="1" />
			<Option weight="0" />
		</Unit>
		<Unit filename="yahoostock.cpp" />
		<Unit filename="yahoostock.h" />
		<Unit filename="../../../../../usr/include/curl/curl.h" />
		<Unit filename="../../../../../usr/include/curl/curlver.h" />
		<Unit filename="../../../../../usr/include/curl/easy.h" />
		<Unit filename="../../../../../usr/include/curl/mprintf.h" />
		<Unit filename="../../../../../usr/include/curl/multi.h" />
		<Unit filename="../../../../../usr/include/curl/stdcheaders.h" />
		<Unit filename="../../../../../usr/include/curl/types.h" />
		<Extensions>
			<code_completion />
			<wxsmith version="1">
				<gui name="wxWidgets" src="" main="" init_handlers="necessary" language="CPP" />
				<resources>
					<wxDialog wxs="wxsmith/stockhistorydialog.wxs" src="stockhistorydialog.cpp" hdr="stockhistorydialog.h" name="StockHistoryDialog" language="CPP" />
				</resources>
			</wxsmith>
		</Extensions>
	</Project>
</CodeBlocks_project_file>
